
Microsoft Visual Studio Solution File, Format Version 12.00
# Visual Studio Version 17
VisualStudioVersion = 17.3.32929.385
MinimumVisualStudioVersion = 10.0.40219.1
Project("{9A19103F-16F7-4668-BE54-9A1E7A4F7556}") = "SadnaExpress", "SadnaExpress\SadnaExpress.csproj", "{3837E9D6-FD54-4148-96A6-55BFEA19D322}"
EndProject
Project("{FAE04EC0-301F-11D3-BF4B-00C04F79EFBC}") = "SadnaExpressTests", "SadnaExpressTests\SadnaExpressTests.csproj", "{A55233E4-D566-49EE-950F-AAB900D0688A}"
EndProject
Global
	GlobalSection(SolutionConfigurationPlatforms) = preSolution
		Debug|Any CPU = Debug|Any CPU
		Release|Any CPU = Release|Any CPU
	EndGlobalSection
	GlobalSection(ProjectConfigurationPlatforms) = postSolution
		{3837E9D6-FD54-4148-96A6-55BFEA19D322}.Debug|Any CPU.ActiveCfg = Debug|Any CPU
		{3837E9D6-FD54-4148-96A6-55BFEA19D322}.Debug|Any CPU.Build.0 = Debug|Any CPU
		{3837E9D6-FD54-4148-96A6-55BFEA19D322}.Release|Any CPU.ActiveCfg = Release|Any CPU
		{3837E9D6-FD54-4148-96A6-55BFEA19D322}.Release|Any CPU.Build.0 = Release|Any CPU
		{A55233E4-D566-49EE-950F-AAB900D0688A}.Debug|Any CPU.ActiveCfg = Debug|Any CPU
		{A55233E4-D566-49EE-950F-AAB900D0688A}.Debug|Any CPU.Build.0 = Debug|Any CPU
		{A55233E4-D566-49EE-950F-AAB900D0688A}.Release|Any CPU.ActiveCfg = Release|Any CPU
		{A55233E4-D566-49EE-950F-AAB900D0688A}.Release|Any CPU.Build.0 = Release|Any CPU
	EndGlobalSection
	GlobalSection(SolutionProperties) = preSolution
		HideSolutionNode = FALSE
	EndGlobalSection
	GlobalSection(ExtensibilityGlobals) = postSolution
		SolutionGuid = {B9556282-9950-4E9F-BB37-A5389AEE19C7}
	EndGlobalSection
EndGlobal
