
Microsoft Visual Studio Solution File, Format Version 12.00
Project("{FAE04EC0-301F-11D3-BF4B-00C04F79EFBC}") = "Client", "Client\Client.csproj", "{14982438-8084-450C-BB8D-5C91587C110F}"
EndProject
Project("{FAE04EC0-301F-11D3-BF4B-00C04F79EFBC}") = "Server", "Server\Server.csproj", "{ADE54C91-C809-4D22-91E2-F304F3119238}"
EndProject
Global
	GlobalSection(SolutionConfigurationPlatforms) = preSolution
		Debug|Any CPU = Debug|Any CPU
		Release|Any CPU = Release|Any CPU
	EndGlobalSection
	GlobalSection(ProjectConfigurationPlatforms) = postSolution
		{14982438-8084-450C-BB8D-5C91587C110F}.Debug|Any CPU.ActiveCfg = Debug|Any CPU
		{14982438-8084-450C-BB8D-5C91587C110F}.Debug|Any CPU.Build.0 = Debug|Any CPU
		{14982438-8084-450C-BB8D-5C91587C110F}.Release|Any CPU.ActiveCfg = Release|Any CPU
		{14982438-8084-450C-BB8D-5C91587C110F}.Release|Any CPU.Build.0 = Release|Any CPU
		{ADE54C91-C809-4D22-91E2-F304F3119238}.Debug|Any CPU.ActiveCfg = Debug|Any CPU
		{ADE54C91-C809-4D22-91E2-F304F3119238}.Debug|Any CPU.Build.0 = Debug|Any CPU
		{ADE54C91-C809-4D22-91E2-F304F3119238}.Release|Any CPU.ActiveCfg = Release|Any CPU
		{ADE54C91-C809-4D22-91E2-F304F3119238}.Release|Any CPU.Build.0 = Release|Any CPU
	EndGlobalSection
EndGlobal
